Microsoft Visual Studio Solution File, Format Version 12.00
# Visual Studio Version 17
VisualStudioVersion = 17.5.2.0
MinimumVisualStudioVersion = 10.0.40219.1
Project("{2150E333-8FDC-42A3-9474-1A3956D46DE8}") = "A_Basic_IO", "A_Basic_IO", "{ED9B3836-704D-133A-7269-3F1231F1EAA4}"
EndProject
Project("{2150E333-8FDC-42A3-9474-1A3956D46DE8}") = "B_Class_Object", "B_Class_Object", "{4114ACA9-7891-6AA3-FD90-2D5320F079D6}"
EndProject
Project("{2150E333-8FDC-42A3-9474-1A3956D46DE8}") = "C_Data_Types", "C_Data_Types", "{74E9AB07-BE4E-A35E-B8B7-07F9932C5090}"
EndProject
Project("{2150E333-8FDC-42A3-9474-1A3956D46DE8}") = "D_Control_Statements", "D_Control_Statements", "{E34B73DB-0BA1-255F-622E-42D219B1C52A}"
EndProject
Project("{FAE04EC0-301F-11D3-BF4B-00C04F79EFBC}") = "a_hello_nepal_with_TL_stmt", "A_Basic_IO\a_hello_nepal_with_TL_stmt\a_hello_nepal_with_TL_stmt.csproj", "{A735271D-805D-D9AA-63C8-D06213BB2897}"
EndProject
Project("{FAE04EC0-301F-11D3-BF4B-00C04F79EFBC}") = "b_hello_nepal", "A_Basic_IO\b_hello_nepal\b_hello_nepal.csproj", "{75DC63AF-F4D7-0599-E1DE-5A5A37A888B3}"
EndProject
Project("{FAE04EC0-301F-11D3-BF4B-00C04F79EFBC}") = "c_add_two_nums", "A_Basic_IO\c_add_two_nums\c_add_two_nums.csproj", "{02B8BDA1-2B65-9DAC-DA04-111F33CD2BB5}"
EndProject
Project("{FAE04EC0-301F-11D3-BF4B-00C04F79EFBC}") = "d_add_user_input_nums", "A_Basic_IO\d_add_user_input_nums\d_add_user_input_nums.csproj", "{43CEFD72-7BCA-E4B0-07DD-830E80521D21}"
EndProject
Project("{FAE04EC0-301F-11D3-BF4B-00C04F79EFBC}") = "e_string_fname_lname_concat", "A_Basic_IO\e_string_fname_lname_concat\e_string_fname_lname_concat.csproj", "{3F60C54F-4BC5-26CA-E3D6-1D0861A817D5}"
EndProject
Project("{FAE04EC0-301F-11D3-BF4B-00C04F79EFBC}") = "f_string_user_input", "A_Basic_IO\f_string_user_input\f_string_user_input.csproj", "{3C0031BE-0B9F-1D05-C67E-190B27621721}"
EndProject
Project("{FAE04EC0-301F-11D3-BF4B-00C04F79EFBC}") = "g_multiplication_table_upto_user_input", "A_Basic_IO\g_multiplication_table_upto_user_input\g_multiplication_table_upto_user_input.csproj", "{F210915A-4CBC-6B3E-4314-CCD5946A592C}"
EndProject
Project("{FAE04EC0-301F-11D3-BF4B-00C04F79EFBC}") = "a_class_object_method", "B_Class_Object\a_class_object_method\a_class_object_method.csproj", "{98795218-172F-3B31-D211-2B737F993A4D}"
EndProject
Project("{FAE04EC0-301F-11D3-BF4B-00C04F79EFBC}") = "b_class_object_data_members", "B_Class_Object\b_class_object_data_members\b_class_object_data_members.csproj", "{1DB1785D-4F79-DC1B-1315-DBEBA881827C}"
EndProject
Project("{FAE04EC0-301F-11D3-BF4B-00C04F79EFBC}") = "c_class_object_user_input_int_string", "B_Class_Object\c_class_object_user_input_int_string\c_class_object_user_input_int_string.csproj", "{03337956-A438-2A0C-5C85-23F5D4D6D18F}"
EndProject
Project("{FAE04EC0-301F-11D3-BF4B-00C04F79EFBC}") = "d_user_inputs_with_methods", "B_Class_Object\d_user_inputs_with_methods\d_user_inputs_with_methods.csproj", "{02E65C5C-4723-75DC-AE1E-8521FC54C1F4}"
EndProject
Project("{FAE04EC0-301F-11D3-BF4B-00C04F79EFBC}") = "e_class_object", "B_Class_Object\e_class_object\e_class_object.csproj", "{5CEF2862-5C4D-2E5F-7FE3-4212ABA54F35}"
EndProject
Project("{FAE04EC0-301F-11D3-BF4B-00C04F79EFBC}") = "a_value_types", "C_Data_Types\a_value_types\a_value_types.csproj", "{E42E395F-AB75-737E-E9C3-6552111E7625}"
EndProject
Project("{FAE04EC0-301F-11D3-BF4B-00C04F79EFBC}") = "b_value_type_boolean", "C_Data_Types\b_value_type_boolean\b_value_type_boolean.csproj", "{B1DF35A1-D52B-2F1D-0558-6EE8B9A3B2F7}"
EndProject
Project("{FAE04EC0-301F-11D3-BF4B-00C04F79EFBC}") = "c_value_type_byte", "C_Data_Types\c_value_type_byte\c_value_type_byte.csproj", "{5CB44E5D-D7C0-18D2-3324-45D60A89FFC2}"
EndProject
Project("{FAE04EC0-301F-11D3-BF4B-00C04F79EFBC}") = "d_value_type_byte_signed", "C_Data_Types\d_value_type_byte_signed\d_value_type_byte_signed.csproj", "{7DE5518A-2F4F-AC1C-DBED-AF0C14AC4CD5}"
EndProject
Project("{FAE04EC0-301F-11D3-BF4B-00C04F79EFBC}") = "e_reference_type_string", "C_Data_Types\e_reference_type_string\e_reference_type_string.csproj", "{2DD8BFC5-9D86-FE39-4920-7CFD90B009E3}"
EndProject
Project("{FAE04EC0-301F-11D3-BF4B-00C04F79EFBC}") = "f_reference_type_object", "C_Data_Types\f_reference_type_object\f_reference_type_object.csproj", "{2AF0ED5C-F803-A1E8-DB8F-62BBF33F4D7C}"
EndProject
Project("{FAE04EC0-301F-11D3-BF4B-00C04F79EFBC}") = "a_if_positive", "D_Control_Statements\a_if_positive\a_if_positive.csproj", "{4BC603E4-75C5-E047-27B0-D7F21C161AD1}"
EndProject
Project("{FAE04EC0-301F-11D3-BF4B-00C04F79EFBC}") = "b_if_else_positive_negative", "D_Control_Statements\b_if_else_positive_negative\b_if_else_positive_negative.csproj", "{EC23EB97-1130-96A5-BDDC-63CBEA2A4A30}"
EndProject
Project("{FAE04EC0-301F-11D3-BF4B-00C04F79EFBC}") = "c_if_elseif_ladder_division", "D_Control_Statements\c_if_elseif_ladder_division\c_if_elseif_ladder_division.csproj", "{2732F09F-DF9A-3DF8-7A88-AFDD255C1554}"
EndProject
Project("{FAE04EC0-301F-11D3-BF4B-00C04F79EFBC}") = "d_nested_if_positive_negative_zero", "D_Control_Statements\d_nested_if_positive_negative_zero\d_nested_if_positive_negative_zero.csproj", "{ED218870-64A0-8E15-D91D-9EBDB1DD107D}"
EndProject
Project("{FAE04EC0-301F-11D3-BF4B-00C04F79EFBC}") = "e_switch_integer", "D_Control_Statements\e_switch_integer\e_switch_integer.csproj", "{16144EB7-9C93-948B-0BD6-90B6E4AA3602}"
EndProject
Project("{FAE04EC0-301F-11D3-BF4B-00C04F79EFBC}") = "f_switch_character", "D_Control_Statements\f_switch_character\f_switch_character.csproj", "{4C589657-847E-9FBF-ADF9-F3A2EEEFB5A6}"
EndProject
Project("{FAE04EC0-301F-11D3-BF4B-00C04F79EFBC}") = "g_switch_symbol_calc", "D_Control_Statements\g_switch_symbol_calc\g_switch_symbol_calc.csproj", "{5D1636A6-C99C-5A5E-7151-56B0C6DB9FDE}"
EndProject
Project("{FAE04EC0-301F-11D3-BF4B-00C04F79EFBC}") = "h_do_while_1_to_10", "D_Control_Statements\h_do_while_1_to_10\h_do_while_1_to_10.csproj", "{E071E6B8-E5B1-35DE-5101-F04A4E0F9DFF}"
EndProject
Project("{FAE04EC0-301F-11D3-BF4B-00C04F79EFBC}") = "i_while_20_18__2", "D_Control_Statements\i_while_20_18__2\i_while_20_18__2.csproj", "{BFB8FAFC-4FDD-62CD-CD3B-CF2B27A9E5F8}"
EndProject
Project("{FAE04EC0-301F-11D3-BF4B-00C04F79EFBC}") = "j_for_2_4_50", "D_Control_Statements\j_for_2_4_50\j_for_2_4_50.csproj", "{FCB09F7A-3E86-FB6E-9C74-D8212314B7B0}"
EndProject
Project("{FAE04EC0-301F-11D3-BF4B-00C04F79EFBC}") = "k_foreach_character_array", "D_Control_Statements\k_foreach_character_array\k_foreach_character_array.csproj", "{33C1B2A8-A5F4-9903-9561-99CF310B69B8}"
EndProject
Project("{FAE04EC0-301F-11D3-BF4B-00C04F79EFBC}") = "l_foreach_integer_array", "D_Control_Statements\l_foreach_integer_array\l_foreach_integer_array.csproj", "{97997496-3586-75EE-85E6-2036087AD7AA}"
EndProject
Project("{FAE04EC0-301F-11D3-BF4B-00C04F79EFBC}") = "m_break_stmt", "D_Control_Statements\m_break_stmt\m_break_stmt.csproj", "{CDD884D7-C745-0BB5-73C9-1781488151DE}"
EndProject
Project("{FAE04EC0-301F-11D3-BF4B-00C04F79EFBC}") = "n_continue_stmt", "D_Control_Statements\n_continue_stmt\n_continue_stmt.csproj", "{AE14D0F8-10CF-26F6-4F89-82E4B9D1FB46}"
EndProject
Project("{FAE04EC0-301F-11D3-BF4B-00C04F79EFBC}") = "o_return_add", "D_Control_Statements\o_return_add\o_return_add.csproj", "{9022F607-F202-9036-7AEB-49F5E18CA976}"
EndProject
Project("{FAE04EC0-301F-11D3-BF4B-00C04F79EFBC}") = "p_goto_voter_nonvoter", "D_Control_Statements\p_goto_voter_nonvoter\p_goto_voter_nonvoter.csproj", "{4A5828BE-AA51-8558-3C24-10EEEA79BD59}"
EndProject
Global
	GlobalSection(SolutionConfigurationPlatforms) = preSolution
		Debug|Any CPU = Debug|Any CPU
		Release|Any CPU = Release|Any CPU
	EndGlobalSection
	GlobalSection(ProjectConfigurationPlatforms) = postSolution
		{A735271D-805D-D9AA-63C8-D06213BB2897}.Debug|Any CPU.ActiveCfg = Debug|Any CPU
		{A735271D-805D-D9AA-63C8-D06213BB2897}.Debug|Any CPU.Build.0 = Debug|Any CPU
		{A735271D-805D-D9AA-63C8-D06213BB2897}.Release|Any CPU.ActiveCfg = Release|Any CPU
		{A735271D-805D-D9AA-63C8-D06213BB2897}.Release|Any CPU.Build.0 = Release|Any CPU
		{75DC63AF-F4D7-0599-E1DE-5A5A37A888B3}.Debug|Any CPU.ActiveCfg = Debug|Any CPU
		{75DC63AF-F4D7-0599-E1DE-5A5A37A888B3}.Debug|Any CPU.Build.0 = Debug|Any CPU
		{75DC63AF-F4D7-0599-E1DE-5A5A37A888B3}.Release|Any CPU.ActiveCfg = Release|Any CPU
		{75DC63AF-F4D7-0599-E1DE-5A5A37A888B3}.Release|Any CPU.Build.0 = Release|Any CPU
		{02B8BDA1-2B65-9DAC-DA04-111F33CD2BB5}.Debug|Any CPU.ActiveCfg = Debug|Any CPU
		{02B8BDA1-2B65-9DAC-DA04-111F33CD2BB5}.Debug|Any CPU.Build.0 = Debug|Any CPU
		{02B8BDA1-2B65-9DAC-DA04-111F33CD2BB5}.Release|Any CPU.ActiveCfg = Release|Any CPU
		{02B8BDA1-2B65-9DAC-DA04-111F33CD2BB5}.Release|Any CPU.Build.0 = Release|Any CPU
		{43CEFD72-7BCA-E4B0-07DD-830E80521D21}.Debug|Any CPU.ActiveCfg = Debug|Any CPU
		{43CEFD72-7BCA-E4B0-07DD-830E80521D21}.Debug|Any CPU.Build.0 = Debug|Any CPU
		{43CEFD72-7BCA-E4B0-07DD-830E80521D21}.Release|Any CPU.ActiveCfg = Release|Any CPU
		{43CEFD72-7BCA-E4B0-07DD-830E80521D21}.Release|Any CPU.Build.0 = Release|Any CPU
		{3F60C54F-4BC5-26CA-E3D6-1D0861A817D5}.Debug|Any CPU.ActiveCfg = Debug|Any CPU
		{3F60C54F-4BC5-26CA-E3D6-1D0861A817D5}.Debug|Any CPU.Build.0 = Debug|Any CPU
		{3F60C54F-4BC5-26CA-E3D6-1D0861A817D5}.Release|Any CPU.ActiveCfg = Release|Any CPU
		{3F60C54F-4BC5-26CA-E3D6-1D0861A817D5}.Release|Any CPU.Build.0 = Release|Any CPU
		{3C0031BE-0B9F-1D05-C67E-190B27621721}.Debug|Any CPU.ActiveCfg = Debug|Any CPU
		{3C0031BE-0B9F-1D05-C67E-190B27621721}.Debug|Any CPU.Build.0 = Debug|Any CPU
		{3C0031BE-0B9F-1D05-C67E-190B27621721}.Release|Any CPU.ActiveCfg = Release|Any CPU
		{3C0031BE-0B9F-1D05-C67E-190B27621721}.Release|Any CPU.Build.0 = Release|Any CPU
		{F210915A-4CBC-6B3E-4314-CCD5946A592C}.Debug|Any CPU.ActiveCfg = Debug|Any CPU
		{F210915A-4CBC-6B3E-4314-CCD5946A592C}.Debug|Any CPU.Build.0 = Debug|Any CPU
		{F210915A-4CBC-6B3E-4314-CCD5946A592C}.Release|Any CPU.ActiveCfg = Release|Any CPU
		{F210915A-4CBC-6B3E-4314-CCD5946A592C}.Release|Any CPU.Build.0 = Release|Any CPU
		{98795218-172F-3B31-D211-2B737F993A4D}.Debug|Any CPU.ActiveCfg = Debug|Any CPU
		{98795218-172F-3B31-D211-2B737F993A4D}.Debug|Any CPU.Build.0 = Debug|Any CPU
		{98795218-172F-3B31-D211-2B737F993A4D}.Release|Any CPU.ActiveCfg = Release|Any CPU
		{98795218-172F-3B31-D211-2B737F993A4D}.Release|Any CPU.Build.0 = Release|Any CPU
		{1DB1785D-4F79-DC1B-1315-DBEBA881827C}.Debug|Any CPU.ActiveCfg = Debug|Any CPU
		{1DB1785D-4F79-DC1B-1315-DBEBA881827C}.Debug|Any CPU.Build.0 = Debug|Any CPU
		{1DB1785D-4F79-DC1B-1315-DBEBA881827C}.Release|Any CPU.ActiveCfg = Release|Any CPU
		{1DB1785D-4F79-DC1B-1315-DBEBA881827C}.Release|Any CPU.Build.0 = Release|Any CPU
		{03337956-A438-2A0C-5C85-23F5D4D6D18F}.Debug|Any CPU.ActiveCfg = Debug|Any CPU
		{03337956-A438-2A0C-5C85-23F5D4D6D18F}.Debug|Any CPU.Build.0 = Debug|Any CPU
		{03337956-A438-2A0C-5C85-23F5D4D6D18F}.Release|Any CPU.ActiveCfg = Release|Any CPU
		{03337956-A438-2A0C-5C85-23F5D4D6D18F}.Release|Any CPU.Build.0 = Release|Any CPU
		{02E65C5C-4723-75DC-AE1E-8521FC54C1F4}.Debug|Any CPU.ActiveCfg = Debug|Any CPU
		{02E65C5C-4723-75DC-AE1E-8521FC54C1F4}.Debug|Any CPU.Build.0 = Debug|Any CPU
		{02E65C5C-4723-75DC-AE1E-8521FC54C1F4}.Release|Any CPU.ActiveCfg = Release|Any CPU
		{02E65C5C-4723-75DC-AE1E-8521FC54C1F4}.Release|Any CPU.Build.0 = Release|Any CPU
		{5CEF2862-5C4D-2E5F-7FE3-4212ABA54F35}.Debug|Any CPU.ActiveCfg = Debug|Any CPU
		{5CEF2862-5C4D-2E5F-7FE3-4212ABA54F35}.Debug|Any CPU.Build.0 = Debug|Any CPU
		{5CEF2862-5C4D-2E5F-7FE3-4212ABA54F35}.Release|Any CPU.ActiveCfg = Release|Any CPU
		{5CEF2862-5C4D-2E5F-7FE3-4212ABA54F35}.Release|Any CPU.Build.0 = Release|Any CPU
		{E42E395F-AB75-737E-E9C3-6552111E7625}.Debug|Any CPU.ActiveCfg = Debug|Any CPU
		{E42E395F-AB75-737E-E9C3-6552111E7625}.Debug|Any CPU.Build.0 = Debug|Any CPU
		{E42E395F-AB75-737E-E9C3-6552111E7625}.Release|Any CPU.ActiveCfg = Release|Any CPU
		{E42E395F-AB75-737E-E9C3-6552111E7625}.Release|Any CPU.Build.0 = Release|Any CPU
		{B1DF35A1-D52B-2F1D-0558-6EE8B9A3B2F7}.Debug|Any CPU.ActiveCfg = Debug|Any CPU
		{B1DF35A1-D52B-2F1D-0558-6EE8B9A3B2F7}.Debug|Any CPU.Build.0 = Debug|Any CPU
		{B1DF35A1-D52B-2F1D-0558-6EE8B9A3B2F7}.Release|Any CPU.ActiveCfg = Release|Any CPU
		{B1DF35A1-D52B-2F1D-0558-6EE8B9A3B2F7}.Release|Any CPU.Build.0 = Release|Any CPU
		{5CB44E5D-D7C0-18D2-3324-45D60A89FFC2}.Debug|Any CPU.ActiveCfg = Debug|Any CPU
		{5CB44E5D-D7C0-18D2-3324-45D60A89FFC2}.Debug|Any CPU.Build.0 = Debug|Any CPU
		{5CB44E5D-D7C0-18D2-3324-45D60A89FFC2}.Release|Any CPU.ActiveCfg = Release|Any CPU
		{5CB44E5D-D7C0-18D2-3324-45D60A89FFC2}.Release|Any CPU.Build.0 = Release|Any CPU
		{7DE5518A-2F4F-AC1C-DBED-AF0C14AC4CD5}.Debug|Any CPU.ActiveCfg = Debug|Any CPU
		{7DE5518A-2F4F-AC1C-DBED-AF0C14AC4CD5}.Debug|Any CPU.Build.0 = Debug|Any CPU
		{7DE5518A-2F4F-AC1C-DBED-AF0C14AC4CD5}.Release|Any CPU.ActiveCfg = Release|Any CPU
		{7DE5518A-2F4F-AC1C-DBED-AF0C14AC4CD5}.Release|Any CPU.Build.0 = Release|Any CPU
		{2DD8BFC5-9D86-FE39-4920-7CFD90B009E3}.Debug|Any CPU.ActiveCfg = Debug|Any CPU
		{2DD8BFC5-9D86-FE39-4920-7CFD90B009E3}.Debug|Any CPU.Build.0 = Debug|Any CPU
		{2DD8BFC5-9D86-FE39-4920-7CFD90B009E3}.Release|Any CPU.ActiveCfg = Release|Any CPU
		{2DD8BFC5-9D86-FE39-4920-7CFD90B009E3}.Release|Any CPU.Build.0 = Release|Any CPU
		{2AF0ED5C-F803-A1E8-DB8F-62BBF33F4D7C}.Debug|Any CPU.ActiveCfg = Debug|Any CPU
		{2AF0ED5C-F803-A1E8-DB8F-62BBF33F4D7C}.Debug|Any CPU.Build.0 = Debug|Any CPU
		{2AF0ED5C-F803-A1E8-DB8F-62BBF33F4D7C}.Release|Any CPU.ActiveCfg = Release|Any CPU
		{2AF0ED5C-F803-A1E8-DB8F-62BBF33F4D7C}.Release|Any CPU.Build.0 = Release|Any CPU
		{4BC603E4-75C5-E047-27B0-D7F21C161AD1}.Debug|Any CPU.ActiveCfg = Debug|Any CPU
		{4BC603E4-75C5-E047-27B0-D7F21C161AD1}.Debug|Any CPU.Build.0 = Debug|Any CPU
		{4BC603E4-75C5-E047-27B0-D7F21C161AD1}.Release|Any CPU.ActiveCfg = Release|Any CPU
		{4BC603E4-75C5-E047-27B0-D7F21C161AD1}.Release|Any CPU.Build.0 = Release|Any CPU
		{EC23EB97-1130-96A5-BDDC-63CBEA2A4A30}.Debug|Any CPU.ActiveCfg = Debug|Any CPU
		{EC23EB97-1130-96A5-BDDC-63CBEA2A4A30}.Debug|Any CPU.Build.0 = Debug|Any CPU
		{EC23EB97-1130-96A5-BDDC-63CBEA2A4A30}.Release|Any CPU.ActiveCfg = Release|Any CPU
		{EC23EB97-1130-96A5-BDDC-63CBEA2A4A30}.Release|Any CPU.Build.0 = Release|Any CPU
		{2732F09F-DF9A-3DF8-7A88-AFDD255C1554}.Debug|Any CPU.ActiveCfg = Debug|Any CPU
		{2732F09F-DF9A-3DF8-7A88-AFDD255C1554}.Debug|Any CPU.Build.0 = Debug|Any CPU
		{2732F09F-DF9A-3DF8-7A88-AFDD255C1554}.Release|Any CPU.ActiveCfg = Release|Any CPU
		{2732F09F-DF9A-3DF8-7A88-AFDD255C1554}.Release|Any CPU.Build.0 = Release|Any CPU
		{ED218870-64A0-8E15-D91D-9EBDB1DD107D}.Debug|Any CPU.ActiveCfg = Debug|Any CPU
		{ED218870-64A0-8E15-D91D-9EBDB1DD107D}.Debug|Any CPU.Build.0 = Debug|Any CPU
		{ED218870-64A0-8E15-D91D-9EBDB1DD107D}.Release|Any CPU.ActiveCfg = Release|Any CPU
		{ED218870-64A0-8E15-D91D-9EBDB1DD107D}.Release|Any CPU.Build.0 = Release|Any CPU
		{16144EB7-9C93-948B-0BD6-90B6E4AA3602}.Debug|Any CPU.ActiveCfg = Debug|Any CPU
		{16144EB7-9C93-948B-0BD6-90B6E4AA3602}.Debug|Any CPU.Build.0 = Debug|Any CPU
		{16144EB7-9C93-948B-0BD6-90B6E4AA3602}.Release|Any CPU.ActiveCfg = Release|Any CPU
		{16144EB7-9C93-948B-0BD6-90B6E4AA3602}.Release|Any CPU.Build.0 = Release|Any CPU
		{4C589657-847E-9FBF-ADF9-F3A2EEEFB5A6}.Debug|Any CPU.ActiveCfg = Debug|Any CPU
		{4C589657-847E-9FBF-ADF9-F3A2EEEFB5A6}.Debug|Any CPU.Build.0 = Debug|Any CPU
		{4C589657-847E-9FBF-ADF9-F3A2EEEFB5A6}.Release|Any CPU.ActiveCfg = Release|Any CPU
		{4C589657-847E-9FBF-ADF9-F3A2EEEFB5A6}.Release|Any CPU.Build.0 = Release|Any CPU
		{5D1636A6-C99C-5A5E-7151-56B0C6DB9FDE}.Debug|Any CPU.ActiveCfg = Debug|Any CPU
		{5D1636A6-C99C-5A5E-7151-56B0C6DB9FDE}.Debug|Any CPU.Build.0 = Debug|Any CPU
		{5D1636A6-C99C-5A5E-7151-56B0C6DB9FDE}.Release|Any CPU.ActiveCfg = Release|Any CPU
		{5D1636A6-C99C-5A5E-7151-56B0C6DB9FDE}.Release|Any CPU.Build.0 = Release|Any CPU
		{E071E6B8-E5B1-35DE-5101-F04A4E0F9DFF}.Debug|Any CPU.ActiveCfg = Debug|Any CPU
		{E071E6B8-E5B1-35DE-5101-F04A4E0F9DFF}.Debug|Any CPU.Build.0 = Debug|Any CPU
		{E071E6B8-E5B1-35DE-5101-F04A4E0F9DFF}.Release|Any CPU.ActiveCfg = Release|Any CPU
		{E071E6B8-E5B1-35DE-5101-F04A4E0F9DFF}.Release|Any CPU.Build.0 = Release|Any CPU
		{BFB8FAFC-4FDD-62CD-CD3B-CF2B27A9E5F8}.Debug|Any CPU.ActiveCfg = Debug|Any CPU
		{BFB8FAFC-4FDD-62CD-CD3B-CF2B27A9E5F8}.Debug|Any CPU.Build.0 = Debug|Any CPU
		{BFB8FAFC-4FDD-62CD-CD3B-CF2B27A9E5F8}.Release|Any CPU.ActiveCfg = Release|Any CPU
		{BFB8FAFC-4FDD-62CD-CD3B-CF2B27A9E5F8}.Release|Any CPU.Build.0 = Release|Any CPU
		{FCB09F7A-3E86-FB6E-9C74-D8212314B7B0}.Debug|Any CPU.ActiveCfg = Debug|Any CPU
		{FCB09F7A-3E86-FB6E-9C74-D8212314B7B0}.Debug|Any CPU.Build.0 = Debug|Any CPU
		{FCB09F7A-3E86-FB6E-9C74-D8212314B7B0}.Release|Any CPU.ActiveCfg = Release|Any CPU
		{FCB09F7A-3E86-FB6E-9C74-D8212314B7B0}.Release|Any CPU.Build.0 = Release|Any CPU
		{33C1B2A8-A5F4-9903-9561-99CF310B69B8}.Debug|Any CPU.ActiveCfg = Debug|Any CPU
		{33C1B2A8-A5F4-9903-9561-99CF310B69B8}.Debug|Any CPU.Build.0 = Debug|Any CPU
		{33C1B2A8-A5F4-9903-9561-99CF310B69B8}.Release|Any CPU.ActiveCfg = Release|Any CPU
		{33C1B2A8-A5F4-9903-9561-99CF310B69B8}.Release|Any CPU.Build.0 = Release|Any CPU
		{97997496-3586-75EE-85E6-2036087AD7AA}.Debug|Any CPU.ActiveCfg = Debug|Any CPU
		{97997496-3586-75EE-85E6-2036087AD7AA}.Debug|Any CPU.Build.0 = Debug|Any CPU
		{97997496-3586-75EE-85E6-2036087AD7AA}.Release|Any CPU.ActiveCfg = Release|Any CPU
		{97997496-3586-75EE-85E6-2036087AD7AA}.Release|Any CPU.Build.0 = Release|Any CPU
		{CDD884D7-C745-0BB5-73C9-1781488151DE}.Debug|Any CPU.ActiveCfg = Debug|Any CPU
		{CDD884D7-C745-0BB5-73C9-1781488151DE}.Debug|Any CPU.Build.0 = Debug|Any CPU
		{CDD884D7-C745-0BB5-73C9-1781488151DE}.Release|Any CPU.ActiveCfg = Release|Any CPU
		{CDD884D7-C745-0BB5-73C9-1781488151DE}.Release|Any CPU.Build.0 = Release|Any CPU
		{AE14D0F8-10CF-26F6-4F89-82E4B9D1FB46}.Debug|Any CPU.ActiveCfg = Debug|Any CPU
		{AE14D0F8-10CF-26F6-4F89-82E4B9D1FB46}.Debug|Any CPU.Build.0 = Debug|Any CPU
		{AE14D0F8-10CF-26F6-4F89-82E4B9D1FB46}.Release|Any CPU.ActiveCfg = Release|Any CPU
		{AE14D0F8-10CF-26F6-4F89-82E4B9D1FB46}.Release|Any CPU.Build.0 = Release|Any CPU
		{9022F607-F202-9036-7AEB-49F5E18CA976}.Debug|Any CPU.ActiveCfg = Debug|Any CPU
		{9022F607-F202-9036-7AEB-49F5E18CA976}.Debug|Any CPU.Build.0 = Debug|Any CPU
		{9022F607-F202-9036-7AEB-49F5E18CA976}.Release|Any CPU.ActiveCfg = Release|Any CPU
		{9022F607-F202-9036-7AEB-49F5E18CA976}.Release|Any CPU.Build.0 = Release|Any CPU
		{4A5828BE-AA51-8558-3C24-10EEEA79BD59}.Debug|Any CPU.ActiveCfg = Debug|Any CPU
		{4A5828BE-AA51-8558-3C24-10EEEA79BD59}.Debug|Any CPU.Build.0 = Debug|Any CPU
		{4A5828BE-AA51-8558-3C24-10EEEA79BD59}.Release|Any CPU.ActiveCfg = Release|Any CPU
		{4A5828BE-AA51-8558-3C24-10EEEA79BD59}.Release|Any CPU.Build.0 = Release|Any CPU
	EndGlobalSection
	GlobalSection(SolutionProperties) = preSolution
		HideSolutionNode = FALSE
	EndGlobalSection
	GlobalSection(NestedProjects) = preSolution
		{A735271D-805D-D9AA-63C8-D06213BB2897} = {ED9B3836-704D-133A-7269-3F1231F1EAA4}
		{75DC63AF-F4D7-0599-E1DE-5A5A37A888B3} = {ED9B3836-704D-133A-7269-3F1231F1EAA4}
		{02B8BDA1-2B65-9DAC-DA04-111F33CD2BB5} = {ED9B3836-704D-133A-7269-3F1231F1EAA4}
		{43CEFD72-7BCA-E4B0-07DD-830E80521D21} = {ED9B3836-704D-133A-7269-3F1231F1EAA4}
		{3F60C54F-4BC5-26CA-E3D6-1D0861A817D5} = {ED9B3836-704D-133A-7269-3F1231F1EAA4}
		{3C0031BE-0B9F-1D05-C67E-190B27621721} = {ED9B3836-704D-133A-7269-3F1231F1EAA4}
		{F210915A-4CBC-6B3E-4314-CCD5946A592C} = {ED9B3836-704D-133A-7269-3F1231F1EAA4}
		{98795218-172F-3B31-D211-2B737F993A4D} = {4114ACA9-7891-6AA3-FD90-2D5320F079D6}
		{1DB1785D-4F79-DC1B-1315-DBEBA881827C} = {4114ACA9-7891-6AA3-FD90-2D5320F079D6}
		{03337956-A438-2A0C-5C85-23F5D4D6D18F} = {4114ACA9-7891-6AA3-FD90-2D5320F079D6}
		{02E65C5C-4723-75DC-AE1E-8521FC54C1F4} = {4114ACA9-7891-6AA3-FD90-2D5320F079D6}
		{5CEF2862-5C4D-2E5F-7FE3-4212ABA54F35} = {4114ACA9-7891-6AA3-FD90-2D5320F079D6}
		{E42E395F-AB75-737E-E9C3-6552111E7625} = {74E9AB07-BE4E-A35E-B8B7-07F9932C5090}
		{B1DF35A1-D52B-2F1D-0558-6EE8B9A3B2F7} = {74E9AB07-BE4E-A35E-B8B7-07F9932C5090}
		{5CB44E5D-D7C0-18D2-3324-45D60A89FFC2} = {74E9AB07-BE4E-A35E-B8B7-07F9932C5090}
		{7DE5518A-2F4F-AC1C-DBED-AF0C14AC4CD5} = {74E9AB07-BE4E-A35E-B8B7-07F9932C5090}
		{2DD8BFC5-9D86-FE39-4920-7CFD90B009E3} = {74E9AB07-BE4E-A35E-B8B7-07F9932C5090}
		{2AF0ED5C-F803-A1E8-DB8F-62BBF33F4D7C} = {74E9AB07-BE4E-A35E-B8B7-07F9932C5090}
		{4BC603E4-75C5-E047-27B0-D7F21C161AD1} = {E34B73DB-0BA1-255F-622E-42D219B1C52A}
		{EC23EB97-1130-96A5-BDDC-63CBEA2A4A30} = {E34B73DB-0BA1-255F-622E-42D219B1C52A}
		{2732F09F-DF9A-3DF8-7A88-AFDD255C1554} = {E34B73DB-0BA1-255F-622E-42D219B1C52A}
		{ED218870-64A0-8E15-D91D-9EBDB1DD107D} = {E34B73DB-0BA1-255F-622E-42D219B1C52A}
		{16144EB7-9C93-948B-0BD6-90B6E4AA3602} = {E34B73DB-0BA1-255F-622E-42D219B1C52A}
		{4C589657-847E-9FBF-ADF9-F3A2EEEFB5A6} = {E34B73DB-0BA1-255F-622E-42D219B1C52A}
		{5D1636A6-C99C-5A5E-7151-56B0C6DB9FDE} = {E34B73DB-0BA1-255F-622E-42D219B1C52A}
		{E071E6B8-E5B1-35DE-5101-F04A4E0F9DFF} = {E34B73DB-0BA1-255F-622E-42D219B1C52A}
		{BFB8FAFC-4FDD-62CD-CD3B-CF2B27A9E5F8} = {E34B73DB-0BA1-255F-622E-42D219B1C52A}
		{FCB09F7A-3E86-FB6E-9C74-D8212314B7B0} = {E34B73DB-0BA1-255F-622E-42D219B1C52A}
		{33C1B2A8-A5F4-9903-9561-99CF310B69B8} = {E34B73DB-0BA1-255F-622E-42D219B1C52A}
		{97997496-3586-75EE-85E6-2036087AD7AA} = {E34B73DB-0BA1-255F-622E-42D219B1C52A}
		{CDD884D7-C745-0BB5-73C9-1781488151DE} = {E34B73DB-0BA1-255F-622E-42D219B1C52A}
		{AE14D0F8-10CF-26F6-4F89-82E4B9D1FB46} = {E34B73DB-0BA1-255F-622E-42D219B1C52A}
		{9022F607-F202-9036-7AEB-49F5E18CA976} = {E34B73DB-0BA1-255F-622E-42D219B1C52A}
		{4A5828BE-AA51-8558-3C24-10EEEA79BD59} = {E34B73DB-0BA1-255F-622E-42D219B1C52A}
	EndGlobalSection
	GlobalSection(ExtensibilityGlobals) = postSolution
		SolutionGuid = {07B605EF-D287-49F0-8F98-80B8A232D75A}
	EndGlobalSection
EndGlobal
